// !$*UTF8*$!
{
	archiveVersion = 1;
	classes = {
	};
	objectVersion = 50;
	objects = {

/* Begin PBXBuildFile section */
		70A8C69226C98CFF009006C3 /* HomeView.swift in Sources */ = {isa = PBXBuildFile; fileRef = 70A8C69126C98CFF009006C3 /* HomeView.swift */; };
		70A8C69426C990FC009006C3 /* StockData.swift in Sources */ = {isa = PBXBuildFile; fileRef = 70A8C69326C990FC009006C3 /* StockData.swift */; };
		70AF048826C7448000FFCDE6 /* Stocks_App.swift in Sources */ = {isa = PBXBuildFile; fileRef = 70AF048726C7448000FFCDE6 /* Stocks_App.swift */; };
		70AF048C26C7448200FFCDE6 /* Assets.xcassets in Resources */ = {isa = PBXBuildFile; fileRef = 70AF048B26C7448200FFCDE6 /* Assets.xcassets */; };
		70AF048F26C7448200FFCDE6 /* Preview Assets.xcassets in Resources */ = {isa = PBXBuildFile; fileRef = 70AF048E26C7448200FFCDE6 /* Preview Assets.xcassets */; };
		70AF049C26C7E2B800FFCDE6 /* ContentModel.swift in Sources */ = {isa = PBXBuildFile; fileRef = 70AF049B26C7E2B700FFCDE6 /* ContentModel.swift */; };
		70CBC36C26C9BB4600E35F5D /* LineChart.swift in Sources */ = {isa = PBXBuildFile; fileRef = 70CBC36B26C9BB4600E35F5D /* LineChart.swift */; };
/* End PBXBuildFile section */

/* Begin PBXFileReference section */
		70A8C69126C98CFF009006C3 /* HomeView.swift */ = {isa = PBXFileReference; lastKnownFileType = sourcecode.swift; path = HomeView.swift; sourceTree = "<group>"; };
		70A8C69326C990FC009006C3 /* StockData.swift */ = {isa = PBXFileReference; lastKnownFileType = sourcecode.swift; path = StockData.swift; sourceTree = "<group>"; };
		70AF048426C7448000FFCDE6 /* Stocks App.app */ = {isa = PBXFileReference; explicitFileType = wrapper.application; includeInIndex = 0; path = "Stocks App.app"; sourceTree = BUILT_PRODUCTS_DIR; };
		70AF048726C7448000FFCDE6 /* Stocks_App.swift */ = {isa = PBXFileReference; lastKnownFileType = sourcecode.swift; path = Stocks_App.swift; sourceTree = "<group>"; };
		70AF048B26C7448200FFCDE6 /* Assets.xcassets */ = {isa = PBXFileReference; lastKnownFileType = folder.assetcatalog; path = Assets.xcassets; sourceTree = "<group>"; };
		70AF048E26C7448200FFCDE6 /* Preview Assets.xcassets */ = {isa = PBXFileReference; lastKnownFileType = folder.assetcatalog; path = "Preview Assets.xcassets"; sourceTree = "<group>"; };
		70AF049026C7448200FFCDE6 /* Info.plist */ = {isa = PBXFileReference; lastKnownFileType = text.plist.xml; path = Info.plist; sourceTree = "<group>"; };
		70AF049B26C7E2B700FFCDE6 /* ContentModel.swift */ = {isa = PBXFileReference; lastKnownFileType = sourcecode.swift; path = ContentModel.swift; sourceTree = "<group>"; };
		70CBC36B26C9BB4600E35F5D /* LineChart.swift */ = {isa = PBXFileReference; lastKnownFileType = sourcecode.swift; name = LineChart.swift; path = ../../../../../../LineChart.swift; sourceTree = "<group>"; };
/* End PBXFileReference section */

/* Begin PBXFrameworksBuildPhase section */
		70AF048126C7448000FFCDE6 /* Frameworks */ = {
			isa = PBXFrameworksBuildPhase;
			buildActionMask = 2147483647;
			files = (
			);
			runOnlyForDeploymentPostprocessing = 0;
		};
/* End PBXFrameworksBuildPhase section */

/* Begin PBXGroup section */
		70AF047B26C7448000FFCDE6 = {
			isa = PBXGroup;
			children = (
				70AF048626C7448000FFCDE6 /* Stocks App */,
				70AF048526C7448000FFCDE6 /* Products */,
			);
			sourceTree = "<group>";
		};
		70AF048526C7448000FFCDE6 /* Products */ = {
			isa = PBXGroup;
			children = (
				70AF048426C7448000FFCDE6 /* Stocks App.app */,
			);
			name = Products;
			sourceTree = "<group>";
		};
		70AF048626C7448000FFCDE6 /* Stocks App */ = {
			isa = PBXGroup;
			children = (
				70AF048726C7448000FFCDE6 /* Stocks_App.swift */,
				70AF049626C7D91600FFCDE6 /* Models */,
				70AF049726C7D91D00FFCDE6 /* ViewModels */,
				70AF049826C7D92400FFCDE6 /* Views */,
				70AF048B26C7448200FFCDE6 /* Assets.xcassets */,
				70AF049026C7448200FFCDE6 /* Info.plist */,
				70AF048D26C7448200FFCDE6 /* Preview Content */,
			);
			path = "Stocks App";
			sourceTree = "<group>";
		};
		70AF048D26C7448200FFCDE6 /* Preview Content */ = {
			isa = PBXGroup;
			children = (
				70AF048E26C7448200FFCDE6 /* Preview Assets.xcassets */,
			);
			path = "Preview Content";
			sourceTree = "<group>";
		};
		70AF049626C7D91600FFCDE6 /* Models */ = {
			isa = PBXGroup;
			children = (
				70A8C69326C990FC009006C3 /* StockData.swift */,
			);
			path = Models;
			sourceTree = "<group>";
		};
		70AF049726C7D91D00FFCDE6 /* ViewModels */ = {
			isa = PBXGroup;
			children = (
				70AF049B26C7E2B700FFCDE6 /* ContentModel.swift */,
			);
			path = ViewModels;
			sourceTree = "<group>";
		};
		70AF049826C7D92400FFCDE6 /* Views */ = {
			isa = PBXGroup;
			children = (
				70A8C69126C98CFF009006C3 /* HomeView.swift */,
				70CBC36B26C9BB4600E35F5D /* LineChart.swift */,
			);
			path = Views;
			sourceTree = "<group>";
		};
/* End PBXGroup section */

/* Begin PBXNativeTarget section */
		70AF048326C7448000FFCDE6 /* Stocks App */ = {
			isa = PBXNativeTarget;
			buildConfigurationList = 70AF049326C7448200FFCDE6 /* Build configuration list for PBXNativeTarget "Stocks App" */;
			buildPhases = (
				70AF048026C7448000FFCDE6 /* Sources */,
				70AF048126C7448000FFCDE6 /* Frameworks */,
				70AF048226C7448000FFCDE6 /* Resources */,
			);
			buildRules = (
			);
			dependencies = (
			);
			name = "Stocks App";
			productName = "Stocks App";
			productReference = 70AF048426C7448000FFCDE6 /* Stocks App.app */;
			productType = "com.apple.product-type.application";
		};
/* End PBXNativeTarget section */

/* Begin PBXProject section */
		70AF047C26C7448000FFCDE6 /* Project object */ = {
			isa = PBXProject;
			attributes = {
				LastSwiftUpdateCheck = 1250;
				LastUpgradeCheck = 1250;
				TargetAttributes = {
					70AF048326C7448000FFCDE6 = {
						CreatedOnToolsVersion = 12.5;
					};
				};
			};
			buildConfigurationList = 70AF047F26C7448000FFCDE6 /* Build configuration list for PBXProject "Stocks App" */;
			compatibilityVersion = "Xcode 9.3";
			developmentRegion = en;
			hasScannedForEncodings = 0;
			knownRegions = (
				en,
				Base,
			);
			mainGroup = 70AF047B26C7448000FFCDE6;
			productRefGroup = 70AF048526C7448000FFCDE6 /* Products */;
			projectDirPath = "";
			projectRoot = "";
			targets = (
				70AF048326C7448000FFCDE6 /* Stocks App */,
			);
		};
/* End PBXProject section */

/* Begin PBXResourcesBuildPhase section */
		70AF048226C7448000FFCDE6 /* Resources */ = {
			isa = PBXResourcesBuildPhase;
			buildActionMask = 2147483647;
			files = (
				70AF048F26C7448200FFCDE6 /* Preview Assets.xcassets in Resources */,
				70AF048C26C7448200FFCDE6 /* Assets.xcassets in Resources */,
			);
			runOnlyForDeploymentPostprocessing = 0;
		};
/* End PBXResourcesBuildPhase section */

/* Begin PBXSourcesBuildPhase section */
		70AF048026C7448000FFCDE6 /* Sources */ = {
			isa = PBXSourcesBuildPhase;
			buildActionMask = 2147483647;
			files = (
				70AF049C26C7E2B800FFCDE6 /* ContentModel.swift in Sources */,
				70A8C69426C990FC009006C3 /* StockData.swift in Sources */,
				70A8C69226C98CFF009006C3 /* HomeView.swift in Sources */,
				70AF048826C7448000FFCDE6 /* Stocks_App.swift in Sources */,
				70CBC36C26C9BB4600E35F5D /* LineChart.swift in Sources */,
			);
			runOnlyForDeploymentPostprocessing = 0;
		};
/* End PBXSourcesBuildPhase section */

/* Begin XCBuildConfiguration section */
		70AF049126C7448200FFCDE6 /* Debug */ = {
			isa = XCBuildConfiguration;
			buildSettings = {
				ALWAYS_SEARCH_USER_PATHS = NO;
				CLANG_ANALYZER_NONNULL = YES;
				CLANG_ANALYZER_NUMBER_OBJECT_CONVERSION = YES_AGGRESSIVE;
				CLANG_CXX_LANGUAGE_STANDARD = "gnu++14";
				CLANG_CXX_LIBRARY = "libc++";
				CLANG_ENABLE_MODULES = YES;
				CLANG_ENABLE_OBJC_ARC = YES;
				CLANG_ENABLE_OBJC_WEAK = YES;
				CLANG_WARN_BLOCK_CAPTURE_AUTORELEASING = YES;
				CLANG_WARN_BOOL_CONVERSION = YES;
				CLANG_WARN_COMMA = YES;
				CLANG_WARN_CONSTANT_CONVERSION = YES;
				CLANG_WARN_DEPRECATED_OBJC_IMPLEMENTATIONS = YES;
				CLANG_WARN_DIRECT_OBJC_ISA_USAGE = YES_ERROR;
				CLANG_WARN_DOCUMENTATION_COMMENTS = YES;
				CLANG_WARN_EMPTY_BODY = YES;
				CLANG_WARN_ENUM_CONVERSION = YES;
				CLANG_WARN_INFINITE_RECURSION = YES;
				CLANG_WARN_INT_CONVERSION = YES;
				CLANG_WARN_NON_LITERAL_NULL_CONVERSION = YES;
				CLANG_WARN_OBJC_IMPLICIT_RETAIN_SELF = YES;
				CLANG_WARN_OBJC_LITERAL_CONVERSION = YES;
				CLANG_WARN_OBJC_ROOT_CLASS = YES_ERROR;
				CLANG_WARN_QUOTED_INCLUDE_IN_FRAMEWORK_HEADER = YES;
				CLANG_WARN_RANGE_LOOP_ANALYSIS = YES;
				CLANG_WARN_STRICT_PROTOTYPES = YES;
				CLANG_WARN_SUSPICIOUS_MOVE = YES;
				CLANG_WARN_UNGUARDED_AVAILABILITY = YES_AGGRESSIVE;
				CLANG_WARN_UNREACHABLE_CODE = YES;
				CLANG_WARN__DUPLICATE_METHOD_MATCH = YES;
				COPY_PHASE_STRIP = NO;
				DEBUG_INFORMATION_FORMAT = dwarf;
				ENABLE_STRICT_OBJC_MSGSEND = YES;
				ENABLE_TESTABILITY = YES;
				GCC_C_LANGUAGE_STANDARD = gnu11;
				GCC_DYNAMIC_NO_PIC = NO;
				GCC_NO_COMMON_BLOCKS = YES;
				GCC_OPTIMIZATION_LEVEL = 0;
				GCC_PREPROCESSOR_DEFINITIONS = (
					"DEBUG=1",
					"$(inherited)",
				);
				GCC_WARN_64_TO_32_BIT_CONVERSION = YES;
				GCC_WARN_ABOUT_RETURN_TYPE = YES_ERROR;
				GCC_WARN_UNDECLARED_SELECTOR = YES;
				GCC_WARN_UNINITIALIZED_AUTOS = YES_AGGRESSIVE;
				GCC_WARN_UNUSED_FUNCTION = YES;
				GCC_WARN_UNUSED_VARIABLE = YES;
				IPHONEOS_DEPLOYMENT_TARGET = 14.5;
				MTL_ENABLE_DEBUG_INFO = INCLUDE_SOURCE;
				MTL_FAST_MATH = YES;
				ONLY_ACTIVE_ARCH = YES;
				SDKROOT = iphoneos;
				SWIFT_ACTIVE_COMPILATION_CONDITIONS = DEBUG;
				SWIFT_OPTIMIZATION_LEVEL = "-Onone";
			};
			name = Debug;
		};
		70AF049226C7448200FFCDE6 /* Release */ = {
			isa = XCBuildConfiguration;
			buildSettings = {
				ALWAYS_SEARCH_USER_PATHS = NO;
				CLANG_ANALYZER_NONNULL = YES;
				CLANG_ANALYZER_NUMBER_OBJECT_CONVERSION = YES_AGGRESSIVE;
				CLANG_CXX_LANGUAGE_STANDARD = "gnu++14";
				CLANG_CXX_LIBRARY = "libc++";
				CLANG_ENABLE_MODULES = YES;
				CLANG_ENABLE_OBJC_ARC = YES;
				CLANG_ENABLE_OBJC_WEAK = YES;
				CLANG_WARN_BLOCK_CAPTURE_AUTORELEASING = YES;
				CLANG_WARN_BOOL_CONVERSION = YES;
				CLANG_WARN_COMMA = YES;
				CLANG_WARN_CONSTANT_CONVERSION = YES;
				CLANG_WARN_DEPRECATED_OBJC_IMPLEMENTATIONS = YES;
				CLANG_WARN_DIRECT_OBJC_ISA_USAGE = YES_ERROR;
				CLANG_WARN_DOCUMENTATION_COMMENTS = YES;
				CLANG_WARN_EMPTY_BODY = YES;
				CLANG_WARN_ENUM_CONVERSION = YES;
				CLANG_WARN_INFINITE_RECURSION = YES;
				CLANG_WARN_INT_CONVERSION = YES;
				CLANG_WARN_NON_LITERAL_NULL_CONVERSION = YES;
				CLANG_WARN_OBJC_IMPLICIT_RETAIN_SELF = YES;
				CLANG_WARN_OBJC_LITERAL_CONVERSION = YES;
				CLANG_WARN_OBJC_ROOT_CLASS = YES_ERROR;
				CLANG_WARN_QUOTED_INCLUDE_IN_FRAMEWORK_HEADER = YES;
				CLANG_WARN_RANGE_LOOP_ANALYSIS = YES;
				CLANG_WARN_STRICT_PROTOTYPES = YES;
				CLANG_WARN_SUSPICIOUS_MOVE = YES;
				CLANG_WARN_UNGUARDED_AVAILABILITY = YES_AGGRESSIVE;
				CLANG_WARN_UNREACHABLE_CODE = YES;
				CLANG_WARN__DUPLICATE_METHOD_MATCH = YES;
				COPY_PHASE_STRIP = NO;
				DEBUG_INFORMATION_FORMAT = "dwarf-with-dsym";
				ENABLE_NS_ASSERTIONS = NO;
				ENABLE_STRICT_OBJC_MSGSEND = YES;
				GCC_C_LANGUAGE_STANDARD = gnu11;
				GCC_NO_COMMON_BLOCKS = YES;
				GCC_WARN_64_TO_32_BIT_CONVERSION = YES;
				GCC_WARN_ABOUT_RETURN_TYPE = YES_ERROR;
				GCC_WARN_UNDECLARED_SELECTOR = YES;
				GCC_WARN_UNINITIALIZED_AUTOS = YES_AGGRESSIVE;
				GCC_WARN_UNUSED_FUNCTION = YES;
				GCC_WARN_UNUSED_VARIABLE = YES;
				IPHONEOS_DEPLOYMENT_TARGET = 14.5;
				MTL_ENABLE_DEBUG_INFO = NO;
				MTL_FAST_MATH = YES;
				SDKROOT = iphoneos;
				SWIFT_COMPILATION_MODE = wholemodule;
				SWIFT_OPTIMIZATION_LEVEL = "-O";
				VALIDATE_PRODUCT = YES;
			};
			name = Release;
		};
		70AF049426C7448200FFCDE6 /* Debug */ = {
			isa = XCBuildConfiguration;
			buildSettings = {
				ASSETCATALOG_COMPILER_APPICON_NAME = AppIcon;
				ASSETCATALOG_COMPILER_GLOBAL_ACCENT_COLOR_NAME = AccentColor;
				CODE_SIGN_STYLE = Automatic;
				DEVELOPMENT_ASSET_PATHS = "\"Stocks App/Preview Content\"";
				DEVELOPMENT_TEAM = VMP9TVJ8FC;
				ENABLE_PREVIEWS = YES;
				INFOPLIST_FILE = "Stocks App/Info.plist";
				IPHONEOS_DEPLOYMENT_TARGET = 14.0;
				LD_RUNPATH_SEARCH_PATHS = (
					"$(inherited)",
					"@executable_path/Frameworks",
				);
				PRODUCT_BUNDLE_IDENTIFIER = "com.antoniogormley.Stocks-App";
				PRODUCT_NAME = "$(TARGET_NAME)";
				SWIFT_VERSION = 5.0;
				TARGETED_DEVICE_FAMILY = "1,2";
			};
			name = Debug;
		};
		70AF049526C7448200FFCDE6 /* Release */ = {
			isa = XCBuildConfiguration;
			buildSettings = {
				ASSETCATALOG_COMPILER_APPICON_NAME = AppIcon;
				ASSETCATALOG_COMPILER_GLOBAL_ACCENT_COLOR_NAME = AccentColor;
				CODE_SIGN_STYLE = Automatic;
				DEVELOPMENT_ASSET_PATHS = "\"Stocks App/Preview Content\"";
				DEVELOPMENT_TEAM = VMP9TVJ8FC;
				ENABLE_PREVIEWS = YES;
				INFOPLIST_FILE = "Stocks App/Info.plist";
				IPHONEOS_DEPLOYMENT_TARGET = 14.0;
				LD_RUNPATH_SEARCH_PATHS = (
					"$(inherited)",
					"@executable_path/Frameworks",
				);
				PRODUCT_BUNDLE_IDENTIFIER = "com.antoniogormley.Stocks-App";
				PRODUCT_NAME = "$(TARGET_NAME)";
				SWIFT_VERSION = 5.0;
				TARGETED_DEVICE_FAMILY = "1,2";
			};
			name = Release;
		};
/* End XCBuildConfiguration section */

/* Begin XCConfigurationList section */
		70AF047F26C7448000FFCDE6 /* Build configuration list for PBXProject "Stocks App" */ = {
			isa = XCConfigurationList;
			buildConfigurations = (
				70AF049126C7448200FFCDE6 /* Debug */,
				70AF049226C7448200FFCDE6 /* Release */,
			);
			defaultConfigurationIsVisible = 0;
			defaultConfigurationName = Release;
		};
		70AF049326C7448200FFCDE6 /* Build configuration list for PBXNativeTarget "Stocks App" */ = {
			isa = XCConfigurationList;
			buildConfigurations = (
				70AF049426C7448200FFCDE6 /* Debug */,
				70AF049526C7448200FFCDE6 /* Release */,
			);
			defaultConfigurationIsVisible = 0;
			defaultConfigurationName = Release;
		};
/* End XCConfigurationList section */
	};
	rootObject = 70AF047C26C7448000FFCDE6 /* Project object */;
}
